Microsoft Visual Studio Solution File, Format Version 11.00
# Visual Studio 2008

Project("{0258F14D-AD1D-AEB5-54B6-966ADF73F2FC}") = "BlackNight", "Assembly-CSharp-firstpass.csproj", "{B39E0F51-A851-8F99-90E0-8959EDDE1697}"
EndProject
Project("{0258F14D-AD1D-AEB5-54B6-966ADF73F2FC}") = "BlackNight", "Assembly-CSharp.csproj", "{BD5A954C-6447-4659-D0A2-4D0F17D8AE97}"
EndProject
Project("{0258F14D-AD1D-AEB5-54B6-966ADF73F2FC}") = "BlackNight", "Assembly-CSharp-Editor-firstpass.csproj", "{60A4B79C-CCFB-5DB1-9408-72DDB6BCBB80}"
EndProject
Project("{0258F14D-AD1D-AEB5-54B6-966ADF73F2FC}") = "BlackNight", "Assembly-CSharp-Editor.csproj", "{E224762E-191F-9681-22B1-E9810CAE3AEA}"
EndProject
Project("{0258F14D-AD1D-AEB5-54B6-966ADF73F2FC}") = "BlackNight", "Assembly-UnityScript.unityproj", "{D305AAE4-0FC5-F38A-3A5B-7552232B4C20}"
EndProject
Global
	GlobalSection(SolutionConfigurationPlatforms) = preSolution
		Debug|Any CPU = Debug|Any CPU
		Release|Any CPU = Release|Any CPU
	EndGlobalSection
	GlobalSection(ProjectConfigurationPlatforms) = postSolution
		{B39E0F51-A851-8F99-90E0-8959EDDE1697}.Debug|Any CPU.ActiveCfg = Debug|Any CPU
		{B39E0F51-A851-8F99-90E0-8959EDDE1697}.Debug|Any CPU.Build.0 = Debug|Any CPU
		{B39E0F51-A851-8F99-90E0-8959EDDE1697}.Release|Any CPU.ActiveCfg = Release|Any CPU
		{B39E0F51-A851-8F99-90E0-8959EDDE1697}.Release|Any CPU.Build.0 = Release|Any CPU
		{BD5A954C-6447-4659-D0A2-4D0F17D8AE97}.Debug|Any CPU.ActiveCfg = Debug|Any CPU
		{BD5A954C-6447-4659-D0A2-4D0F17D8AE97}.Debug|Any CPU.Build.0 = Debug|Any CPU
		{BD5A954C-6447-4659-D0A2-4D0F17D8AE97}.Release|Any CPU.ActiveCfg = Release|Any CPU
		{BD5A954C-6447-4659-D0A2-4D0F17D8AE97}.Release|Any CPU.Build.0 = Release|Any CPU
		{60A4B79C-CCFB-5DB1-9408-72DDB6BCBB80}.Debug|Any CPU.ActiveCfg = Debug|Any CPU
		{60A4B79C-CCFB-5DB1-9408-72DDB6BCBB80}.Debug|Any CPU.Build.0 = Debug|Any CPU
		{60A4B79C-CCFB-5DB1-9408-72DDB6BCBB80}.Release|Any CPU.ActiveCfg = Release|Any CPU
		{60A4B79C-CCFB-5DB1-9408-72DDB6BCBB80}.Release|Any CPU.Build.0 = Release|Any CPU
		{E224762E-191F-9681-22B1-E9810CAE3AEA}.Debug|Any CPU.ActiveCfg = Debug|Any CPU
		{E224762E-191F-9681-22B1-E9810CAE3AEA}.Debug|Any CPU.Build.0 = Debug|Any CPU
		{E224762E-191F-9681-22B1-E9810CAE3AEA}.Release|Any CPU.ActiveCfg = Release|Any CPU
		{E224762E-191F-9681-22B1-E9810CAE3AEA}.Release|Any CPU.Build.0 = Release|Any CPU
		{D305AAE4-0FC5-F38A-3A5B-7552232B4C20}.Debug|Any CPU.ActiveCfg = Debug|Any CPU
		{D305AAE4-0FC5-F38A-3A5B-7552232B4C20}.Debug|Any CPU.Build.0 = Debug|Any CPU
		{D305AAE4-0FC5-F38A-3A5B-7552232B4C20}.Release|Any CPU.ActiveCfg = Release|Any CPU
		{D305AAE4-0FC5-F38A-3A5B-7552232B4C20}.Release|Any CPU.Build.0 = Release|Any CPU
	EndGlobalSection
	GlobalSection(SolutionProperties) = preSolution
		HideSolutionNode = FALSE
	EndGlobalSection
																																																																																																																						GlobalSection(MonoDevelopProperties) = preSolution
		StartupItem = Assembly-CSharp.csproj
		Policies = $0
		$0.TextStylePolicy = $1
		$1.inheritsSet = null
		$1.scope = text/x-csharp
		$0.CSharpFormattingPolicy = $2
		$2.inheritsSet = Mono
		$2.inheritsScope = text/x-csharp
		$2.scope = text/x-csharp
		$0.TextStylePolicy = $3
		$3.FileWidth = 120
		$3.TabWidth = 4
		$3.EolMarker = Unix
		$3.inheritsSet = Mono
		$3.inheritsScope = text/plain
		$3.scope = text/plain
	EndGlobalSection

EndGlobal
