Microsoft Visual Studio Solution File, Format Version 11.00
# Visual Studio 2008

Project("{8648FB74-4FBA-8CE2-709F-DC26EFFA4BB4}") = "Earth_Moon", "Assembly-CSharp.csproj", "{4B21B05C-9DB7-ED55-40EA-46ECACF44817}"
EndProject
Project("{8648FB74-4FBA-8CE2-709F-DC26EFFA4BB4}") = "Earth_Moon", "Assembly-CSharp-Editor.csproj", "{71C11380-2095-4F87-4212-A0E8AAE9F738}"
EndProject
Project("{8648FB74-4FBA-8CE2-709F-DC26EFFA4BB4}") = "Earth_Moon", "Assembly-UnityScript.unityproj", "{17604509-2AD8-DCBA-9C68-31F8BC494047}"
EndProject
Global
	GlobalSection(SolutionConfigurationPlatforms) = preSolution
		Debug|Any CPU = Debug|Any CPU
		Release|Any CPU = Release|Any CPU
	EndGlobalSection
	GlobalSection(ProjectConfigurationPlatforms) = postSolution
		{4B21B05C-9DB7-ED55-40EA-46ECACF44817}.Debug|Any CPU.ActiveCfg = Debug|Any CPU
		{4B21B05C-9DB7-ED55-40EA-46ECACF44817}.Debug|Any CPU.Build.0 = Debug|Any CPU
		{4B21B05C-9DB7-ED55-40EA-46ECACF44817}.Release|Any CPU.ActiveCfg = Release|Any CPU
		{4B21B05C-9DB7-ED55-40EA-46ECACF44817}.Release|Any CPU.Build.0 = Release|Any CPU
		{71C11380-2095-4F87-4212-A0E8AAE9F738}.Debug|Any CPU.ActiveCfg = Debug|Any CPU
		{71C11380-2095-4F87-4212-A0E8AAE9F738}.Debug|Any CPU.Build.0 = Debug|Any CPU
		{71C11380-2095-4F87-4212-A0E8AAE9F738}.Release|Any CPU.ActiveCfg = Release|Any CPU
		{71C11380-2095-4F87-4212-A0E8AAE9F738}.Release|Any CPU.Build.0 = Release|Any CPU
		{17604509-2AD8-DCBA-9C68-31F8BC494047}.Debug|Any CPU.ActiveCfg = Debug|Any CPU
		{17604509-2AD8-DCBA-9C68-31F8BC494047}.Debug|Any CPU.Build.0 = Debug|Any CPU
		{17604509-2AD8-DCBA-9C68-31F8BC494047}.Release|Any CPU.ActiveCfg = Release|Any CPU
		{17604509-2AD8-DCBA-9C68-31F8BC494047}.Release|Any CPU.Build.0 = Release|Any CPU
	EndGlobalSection
	GlobalSection(SolutionProperties) = preSolution
		HideSolutionNode = FALSE
	EndGlobalSection
																							GlobalSection(MonoDevelopProperties) = preSolution
		StartupItem = Assembly-CSharp.csproj
		Policies = $0
		$0.TextStylePolicy = $1
		$1.inheritsSet = null
		$1.scope = text/x-csharp
		$0.CSharpFormattingPolicy = $2
		$2.inheritsSet = Mono
		$2.inheritsScope = text/x-csharp
		$2.scope = text/x-csharp
		$0.TextStylePolicy = $3
		$3.FileWidth = 120
		$3.TabWidth = 4
		$3.EolMarker = Unix
		$3.inheritsSet = Mono
		$3.inheritsScope = text/plain
		$3.scope = text/plain
	EndGlobalSection

EndGlobal
