Microsoft Visual Studio Solution File, Format Version 11.00
# Visual Studio 2008

Project("{1CCEAC0D-781B-BBA6-FEAB-388BE65167FF}") = "sddd", "Assembly-CSharp.csproj", "{B8A3F0AF-61D7-99DE-E03F-387D8FA1BD9C}"
EndProject
Project("{1CCEAC0D-781B-BBA6-FEAB-388BE65167FF}") = "sddd", "Assembly-UnityScript.unityproj", "{9A86A083-D033-9C71-7886-AAE5A792D591}"
EndProject
Global
	GlobalSection(SolutionConfigurationPlatforms) = preSolution
		Debug|Any CPU = Debug|Any CPU
		Release|Any CPU = Release|Any CPU
	EndGlobalSection
	GlobalSection(ProjectConfigurationPlatforms) = postSolution
		{B8A3F0AF-61D7-99DE-E03F-387D8FA1BD9C}.Debug|Any CPU.ActiveCfg = Debug|Any CPU
		{B8A3F0AF-61D7-99DE-E03F-387D8FA1BD9C}.Debug|Any CPU.Build.0 = Debug|Any CPU
		{B8A3F0AF-61D7-99DE-E03F-387D8FA1BD9C}.Release|Any CPU.ActiveCfg = Release|Any CPU
		{B8A3F0AF-61D7-99DE-E03F-387D8FA1BD9C}.Release|Any CPU.Build.0 = Release|Any CPU
		{9A86A083-D033-9C71-7886-AAE5A792D591}.Debug|Any CPU.ActiveCfg = Debug|Any CPU
		{9A86A083-D033-9C71-7886-AAE5A792D591}.Debug|Any CPU.Build.0 = Debug|Any CPU
		{9A86A083-D033-9C71-7886-AAE5A792D591}.Release|Any CPU.ActiveCfg = Release|Any CPU
		{9A86A083-D033-9C71-7886-AAE5A792D591}.Release|Any CPU.Build.0 = Release|Any CPU
	EndGlobalSection
	GlobalSection(SolutionProperties) = preSolution
		HideSolutionNode = FALSE
	EndGlobalSection
					GlobalSection(MonoDevelopProperties) = preSolution
		StartupItem = Assembly-CSharp.csproj
		Policies = $0
		$0.TextStylePolicy = $1
		$1.inheritsSet = null
		$1.scope = text/x-csharp
		$0.CSharpFormattingPolicy = $2
		$2.inheritsSet = Mono
		$2.inheritsScope = text/x-csharp
		$2.scope = text/x-csharp
		$0.TextStylePolicy = $3
		$3.FileWidth = 120
		$3.TabWidth = 4
		$3.EolMarker = Unix
		$3.inheritsSet = Mono
		$3.inheritsScope = text/plain
		$3.scope = text/plain
	EndGlobalSection

EndGlobal
